
Microsoft Visual Studio Solution File, Format Version 12.00
# Visual Studio Version 16
VisualStudioVersion = 16.0.32002.261
MinimumVisualStudioVersion = 10.0.40219.1
Project("{FAE04EC0-301F-11D3-BF4B-00C04F79EFBC}") = "Lab_1", "Lab_1\Lab_1.csproj", "{75C02BD2-AA17-42F7-B702-C88B1240D7D0}"
EndProject
Project("{FAE04EC0-301F-11D3-BF4B-00C04F79EFBC}") = "UWP_SQLite", "UWP_SQLite\UWP_SQLite.csproj", "{E43D8881-DE5F-47FC-9B5B-6BA05C3A346A}"
EndProject
Global
	GlobalSection(SolutionConfigurationPlatforms) = preSolution
		Debug|ARM = Debug|ARM
		Debug|ARM64 = Debug|ARM64
		Debug|x64 = Debug|x64
		Debug|x86 = Debug|x86
		Release|ARM = Release|ARM
		Release|ARM64 = Release|ARM64
		Release|x64 = Release|x64
		Release|x86 = Release|x86
	EndGlobalSection
	GlobalSection(ProjectConfigurationPlatforms) = postSolution
		{75C02BD2-AA17-42F7-B702-C88B1240D7D0}.Debug|ARM.ActiveCfg = Debug|ARM
		{75C02BD2-AA17-42F7-B702-C88B1240D7D0}.Debug|ARM.Build.0 = Debug|ARM
		{75C02BD2-AA17-42F7-B702-C88B1240D7D0}.Debug|ARM.Deploy.0 = Debug|ARM
		{75C02BD2-AA17-42F7-B702-C88B1240D7D0}.Debug|ARM64.ActiveCfg = Debug|ARM64
		{75C02BD2-AA17-42F7-B702-C88B1240D7D0}.Debug|ARM64.Build.0 = Debug|ARM64
		{75C02BD2-AA17-42F7-B702-C88B1240D7D0}.Debug|ARM64.Deploy.0 = Debug|ARM64
		{75C02BD2-AA17-42F7-B702-C88B1240D7D0}.Debug|x64.ActiveCfg = Debug|x64
		{75C02BD2-AA17-42F7-B702-C88B1240D7D0}.Debug|x64.Build.0 = Debug|x64
		{75C02BD2-AA17-42F7-B702-C88B1240D7D0}.Debug|x64.Deploy.0 = Debug|x64
		{75C02BD2-AA17-42F7-B702-C88B1240D7D0}.Debug|x86.ActiveCfg = Debug|x86
		{75C02BD2-AA17-42F7-B702-C88B1240D7D0}.Debug|x86.Build.0 = Debug|x86
		{75C02BD2-AA17-42F7-B702-C88B1240D7D0}.Debug|x86.Deploy.0 = Debug|x86
		{75C02BD2-AA17-42F7-B702-C88B1240D7D0}.Release|ARM.ActiveCfg = Release|ARM
		{75C02BD2-AA17-42F7-B702-C88B1240D7D0}.Release|ARM.Build.0 = Release|ARM
		{75C02BD2-AA17-42F7-B702-C88B1240D7D0}.Release|ARM.Deploy.0 = Release|ARM
		{75C02BD2-AA17-42F7-B702-C88B1240D7D0}.Release|ARM64.ActiveCfg = Release|ARM64
		{75C02BD2-AA17-42F7-B702-C88B1240D7D0}.Release|ARM64.Build.0 = Release|ARM64
		{75C02BD2-AA17-42F7-B702-C88B1240D7D0}.Release|ARM64.Deploy.0 = Release|ARM64
		{75C02BD2-AA17-42F7-B702-C88B1240D7D0}.Release|x64.ActiveCfg = Release|x64
		{75C02BD2-AA17-42F7-B702-C88B1240D7D0}.Release|x64.Build.0 = Release|x64
		{75C02BD2-AA17-42F7-B702-C88B1240D7D0}.Release|x64.Deploy.0 = Release|x64
		{75C02BD2-AA17-42F7-B702-C88B1240D7D0}.Release|x86.ActiveCfg = Release|x86
		{75C02BD2-AA17-42F7-B702-C88B1240D7D0}.Release|x86.Build.0 = Release|x86
		{75C02BD2-AA17-42F7-B702-C88B1240D7D0}.Release|x86.Deploy.0 = Release|x86
		{E43D8881-DE5F-47FC-9B5B-6BA05C3A346A}.Debug|ARM.ActiveCfg = Debug|ARM
		{E43D8881-DE5F-47FC-9B5B-6BA05C3A346A}.Debug|ARM.Build.0 = Debug|ARM
		{E43D8881-DE5F-47FC-9B5B-6BA05C3A346A}.Debug|ARM.Deploy.0 = Debug|ARM
		{E43D8881-DE5F-47FC-9B5B-6BA05C3A346A}.Debug|ARM64.ActiveCfg = Debug|ARM64
		{E43D8881-DE5F-47FC-9B5B-6BA05C3A346A}.Debug|ARM64.Build.0 = Debug|ARM64
		{E43D8881-DE5F-47FC-9B5B-6BA05C3A346A}.Debug|ARM64.Deploy.0 = Debug|ARM64
		{E43D8881-DE5F-47FC-9B5B-6BA05C3A346A}.Debug|x64.ActiveCfg = Debug|x64
		{E43D8881-DE5F-47FC-9B5B-6BA05C3A346A}.Debug|x64.Build.0 = Debug|x64
		{E43D8881-DE5F-47FC-9B5B-6BA05C3A346A}.Debug|x64.Deploy.0 = Debug|x64
		{E43D8881-DE5F-47FC-9B5B-6BA05C3A346A}.Debug|x86.ActiveCfg = Debug|x86
		{E43D8881-DE5F-47FC-9B5B-6BA05C3A346A}.Debug|x86.Build.0 = Debug|x86
		{E43D8881-DE5F-47FC-9B5B-6BA05C3A346A}.Debug|x86.Deploy.0 = Debug|x86
		{E43D8881-DE5F-47FC-9B5B-6BA05C3A346A}.Release|ARM.ActiveCfg = Release|ARM
		{E43D8881-DE5F-47FC-9B5B-6BA05C3A346A}.Release|ARM.Build.0 = Release|ARM
		{E43D8881-DE5F-47FC-9B5B-6BA05C3A346A}.Release|ARM.Deploy.0 = Release|ARM
		{E43D8881-DE5F-47FC-9B5B-6BA05C3A346A}.Release|ARM64.ActiveCfg = Release|ARM64
		{E43D8881-DE5F-47FC-9B5B-6BA05C3A346A}.Release|ARM64.Build.0 = Release|ARM64
		{E43D8881-DE5F-47FC-9B5B-6BA05C3A346A}.Release|ARM64.Deploy.0 = Release|ARM64
		{E43D8881-DE5F-47FC-9B5B-6BA05C3A346A}.Release|x64.ActiveCfg = Release|x64
		{E43D8881-DE5F-47FC-9B5B-6BA05C3A346A}.Release|x64.Build.0 = Release|x64
		{E43D8881-DE5F-47FC-9B5B-6BA05C3A346A}.Release|x64.Deploy.0 = Release|x64
		{E43D8881-DE5F-47FC-9B5B-6BA05C3A346A}.Release|x86.ActiveCfg = Release|x86
		{E43D8881-DE5F-47FC-9B5B-6BA05C3A346A}.Release|x86.Build.0 = Release|x86
		{E43D8881-DE5F-47FC-9B5B-6BA05C3A346A}.Release|x86.Deploy.0 = Release|x86
	EndGlobalSection
	GlobalSection(SolutionProperties) = preSolution
		HideSolutionNode = FALSE
	EndGlobalSection
	GlobalSection(ExtensibilityGlobals) = postSolution
		SolutionGuid = {D602173B-F68D-4F53-9077-B357F87FD3E6}
	EndGlobalSection
EndGlobal
